
Microsoft Visual Studio Solution File, Format Version 12.00
# Visual Studio for Mac
Project("{FAE04EC0-301F-11D3-BF4B-00C04F79EFBC}") = "Space Pace", "Assembly-CSharp.csproj", "{BA26D645-62B0-C947-12D1-8A71E61DFB1E}"
EndProject
Global
	GlobalSection(SolutionConfigurationPlatforms) = preSolution
		Debug|Any CPU = Debug|Any CPU
		Release|Any CPU = Release|Any CPU
	EndGlobalSection
	GlobalSection(ProjectConfigurationPlatforms) = postSolution
		{BA26D645-62B0-C947-12D1-8A71E61DFB1E}.Debug|Any CPU.ActiveCfg = Debug|Any CPU
		{BA26D645-62B0-C947-12D1-8A71E61DFB1E}.Debug|Any CPU.Build.0 = Debug|Any CPU
		{BA26D645-62B0-C947-12D1-8A71E61DFB1E}.Release|Any CPU.ActiveCfg = Release|Any CPU
		{BA26D645-62B0-C947-12D1-8A71E61DFB1E}.Release|Any CPU.Build.0 = Release|Any CPU
	EndGlobalSection
	GlobalSection(SolutionProperties) = preSolution
		HideSolutionNode = FALSE
	EndGlobalSection
EndGlobal
